
Microsoft Visual Studio Solution File, Format Version 10.00
# Visual Studio 2008
Project("{FAE04EC0-301F-11D3-BF4B-00C04F79EFBC}") = "DotNetPocketStreet", "DotNetPocketStreet\DotNetPocketStreet.csproj", "{B7DFB545-EBF2-4B2F-9E4A-113FBD894E43}"
EndProject
Global
	GlobalSection(SolutionConfigurationPlatforms) = preSolution
		Debug|Any CPU = Debug|Any CPU
		Release|Any CPU = Release|Any CPU
	EndGlobalSection
	GlobalSection(ProjectConfigurationPlatforms) = postSolution
		{B7DFB545-EBF2-4B2F-9E4A-113FBD894E43}.Debug|Any CPU.ActiveCfg = Debug|Any CPU
		{B7DFB545-EBF2-4B2F-9E4A-113FBD894E43}.Debug|Any CPU.Build.0 = Debug|Any CPU
		{B7DFB545-EBF2-4B2F-9E4A-113FBD894E43}.Debug|Any CPU.Deploy.0 = Debug|Any CPU
		{B7DFB545-EBF2-4B2F-9E4A-113FBD894E43}.Release|Any CPU.ActiveCfg = Release|Any CPU
		{B7DFB545-EBF2-4B2F-9E4A-113FBD894E43}.Release|Any CPU.Build.0 = Release|Any CPU
		{B7DFB545-EBF2-4B2F-9E4A-113FBD894E43}.Release|Any CPU.Deploy.0 = Release|Any CPU
	EndGlobalSection
	GlobalSection(SolutionProperties) = preSolution
		HideSolutionNode = FALSE
	EndGlobalSection
EndGlobal
